
Microsoft Visual Studio Solution File, Format Version 12.00
# Visual Studio Version 17
VisualStudioVersion = 17.0.31903.59
MinimumVisualStudioVersion = 10.0.40219.1
Project("{FAE04EC0-301F-11D3-BF4B-00C04F79EFBC}") = "FeminicidiosServer", "FeminicidiosServer\FeminicidiosServer.csproj", "{8BE85C3B-E8A3-4E8B-A102-BD18D04988AD}"
EndProject
Project("{FAE04EC0-301F-11D3-BF4B-00C04F79EFBC}") = "FeminicidiosClient", "FeminicidiosClient\FeminicidiosClient.csproj", "{3F75132F-B590-4849-9339-9B5FA6CF902C}"
EndProject
Global
	GlobalSection(SolutionConfigurationPlatforms) = preSolution
		Debug|Any CPU = Debug|Any CPU
		Release|Any CPU = Release|Any CPU
	EndGlobalSection
	GlobalSection(SolutionProperties) = preSolution
		HideSolutionNode = FALSE
	EndGlobalSection
	GlobalSection(ProjectConfigurationPlatforms) = postSolution
		{8BE85C3B-E8A3-4E8B-A102-BD18D04988AD}.Debug|Any CPU.ActiveCfg = Debug|Any CPU
		{8BE85C3B-E8A3-4E8B-A102-BD18D04988AD}.Debug|Any CPU.Build.0 = Debug|Any CPU
		{8BE85C3B-E8A3-4E8B-A102-BD18D04988AD}.Release|Any CPU.ActiveCfg = Release|Any CPU
		{8BE85C3B-E8A3-4E8B-A102-BD18D04988AD}.Release|Any CPU.Build.0 = Release|Any CPU
		{3F75132F-B590-4849-9339-9B5FA6CF902C}.Debug|Any CPU.ActiveCfg = Debug|Any CPU
		{3F75132F-B590-4849-9339-9B5FA6CF902C}.Debug|Any CPU.Build.0 = Debug|Any CPU
		{3F75132F-B590-4849-9339-9B5FA6CF902C}.Release|Any CPU.ActiveCfg = Release|Any CPU
		{3F75132F-B590-4849-9339-9B5FA6CF902C}.Release|Any CPU.Build.0 = Release|Any CPU
	EndGlobalSection
EndGlobal
